
Microsoft Visual Studio Solution File, Format Version 12.00
# Visual Studio 15
VisualStudioVersion = 15.0.28307.1000
MinimumVisualStudioVersion = 10.0.40219.1
Project("{FAE04EC0-301F-11D3-BF4B-00C04F79EFBC}") = "UnityLogMonitor", "UnityLogMonitor\UnityLogMonitor.csproj", "{9EE3431D-C4DE-4322-8D27-4760B39771EC}"
EndProject
Global
	GlobalSection(SolutionConfigurationPlatforms) = preSolution
		Debug|Any CPU = Debug|Any CPU
		Release|Any CPU = Release|Any CPU
	EndGlobalSection
	GlobalSection(ProjectConfigurationPlatforms) = postSolution
		{9EE3431D-C4DE-4322-8D27-4760B39771EC}.Debug|Any CPU.ActiveCfg = Debug|Any CPU
		{9EE3431D-C4DE-4322-8D27-4760B39771EC}.Debug|Any CPU.Build.0 = Debug|Any CPU
		{9EE3431D-C4DE-4322-8D27-4760B39771EC}.Release|Any CPU.ActiveCfg = Release|Any CPU
		{9EE3431D-C4DE-4322-8D27-4760B39771EC}.Release|Any CPU.Build.0 = Release|Any CPU
	EndGlobalSection
	GlobalSection(SolutionProperties) = preSolution
		HideSolutionNode = FALSE
	EndGlobalSection
	GlobalSection(ExtensibilityGlobals) = postSolution
		SolutionGuid = {FF0F977C-3853-4C9E-8DBC-ACBE55E638F4}
	EndGlobalSection
EndGlobal
